
Microsoft Visual Studio Solution File, Format Version 12.00
# Visual Studio Version 17
VisualStudioVersion = 17.4.33213.308
MinimumVisualStudioVersion = 10.0.40219.1
Project("{FAE04EC0-301F-11D3-BF4B-00C04F79EFBC}") = "DigiBank", "DigiBank.csproj", "{CC764E61-108B-40B0-A8E7-8C7BD9173E6C}"
EndProject
Global
	GlobalSection(SolutionConfigurationPlatforms) = preSolution
		Debug|Any CPU = Debug|Any CPU
		Release|Any CPU = Release|Any CPU
	EndGlobalSection
	GlobalSection(ProjectConfigurationPlatforms) = postSolution
		{CC764E61-108B-40B0-A8E7-8C7BD9173E6C}.Debug|Any CPU.ActiveCfg = Debug|Any CPU
		{CC764E61-108B-40B0-A8E7-8C7BD9173E6C}.Debug|Any CPU.Build.0 = Debug|Any CPU
		{CC764E61-108B-40B0-A8E7-8C7BD9173E6C}.Release|Any CPU.ActiveCfg = Release|Any CPU
		{CC764E61-108B-40B0-A8E7-8C7BD9173E6C}.Release|Any CPU.Build.0 = Release|Any CPU
	EndGlobalSection
	GlobalSection(SolutionProperties) = preSolution
		HideSolutionNode = FALSE
	EndGlobalSection
	GlobalSection(ExtensibilityGlobals) = postSolution
		SolutionGuid = {B3ECE9D4-DB13-43C1-B06A-001F2B64F948}
	EndGlobalSection
EndGlobal
